// !$*UTF8*$!
{
	archiveVersion = 1;
	classes = {
	};
	objectVersion = 46;
	objects = {

/* Begin PBXBuildFile section */
		D0CD3FCC1BDED42600E814BA /* AppDelegate.swift in Sources */ = {isa = PBXBuildFile; fileRef = D0CD3FCB1BDED42600E814BA /* AppDelegate.swift */; };
		D0CD3FCE1BDED42600E814BA /* ViewController.swift in Sources */ = {isa = PBXBuildFile; fileRef = D0CD3FCD1BDED42600E814BA /* ViewController.swift */; };
		D0CD3FD11BDED42600E814BA /* Main.storyboard in Resources */ = {isa = PBXBuildFile; fileRef = D0CD3FCF1BDED42600E814BA /* Main.storyboard */; };
		D0CD3FD31BDED42600E814BA /* Assets.xcassets in Resources */ = {isa = PBXBuildFile; fileRef = D0CD3FD21BDED42600E814BA /* Assets.xcassets */; };
		D0CD3FD61BDED42600E814BA /* LaunchScreen.storyboard in Resources */ = {isa = PBXBuildFile; fileRef = D0CD3FD41BDED42600E814BA /* LaunchScreen.storyboard */; };
/* End PBXBuildFile section */

/* Begin PBXFileReference section */
		D0CD3FC81BDED42600E814BA /* stormy.app */ = {isa = PBXFileReference; explicitFileType = wrapper.application; includeInIndex = 0; path = stormy.app; sourceTree = BUILT_PRODUCTS_DIR; };
		D0CD3FCB1BDED42600E814BA /* AppDelegate.swift */ = {isa = PBXFileReference; lastKnownFileType = sourcecode.swift; path = AppDelegate.swift; sourceTree = "<group>"; };
		D0CD3FCD1BDED42600E814BA /* ViewController.swift */ = {isa = PBXFileReference; lastKnownFileType = sourcecode.swift; path = ViewController.swift; sourceTree = "<group>"; };
		D0CD3FD01BDED42600E814BA /* Base */ = {isa = PBXFileReference; lastKnownFileType = file.storyboard; name = Base; path = Base.lproj/Main.storyboard; sourceTree = "<group>"; };
		D0CD3FD21BDED42600E814BA /* Assets.xcassets */ = {isa = PBXFileReference; lastKnownFileType = folder.assetcatalog; path = Assets.xcassets; sourceTree = "<group>"; };
		D0CD3FD51BDED42600E814BA /* Base */ = {isa = PBXFileReference; lastKnownFileType = file.storyboard; name = Base; path = Base.lproj/LaunchScreen.storyboard; sourceTree = "<group>"; };
		D0CD3FD71BDED42600E814BA /* Info.plist */ = {isa = PBXFileReference; lastKnownFileType = text.plist.xml; path = Info.plist; sourceTree = "<group>"; };
/* End PBXFileReference section */

/* Begin PBXFrameworksBuildPhase section */
		D0CD3FC51BDED42600E814BA /* Frameworks */ = {
			isa = PBXFrameworksBuildPhase;
			buildActionMask = 2147483647;
			files = (
			);
			runOnlyForDeploymentPostprocessing = 0;
		};
/* End PBXFrameworksBuildPhase section */

/* Begin PBXGroup section */
		D0CD3FBF1BDED42600E814BA = {
			isa = PBXGroup;
			children = (
				D0CD3FCA1BDED42600E814BA /* stormy */,
				D0CD3FC91BDED42600E814BA /* Products */,
			);
			sourceTree = "<group>";
		};
		D0CD3FC91BDED42600E814BA /* Products */ = {
			isa = PBXGroup;
			children = (
				D0CD3FC81BDED42600E814BA /* stormy.app */,
			);
			name = Products;
			sourceTree = "<group>";
		};
		D0CD3FCA1BDED42600E814BA /* stormy */ = {
			isa = PBXGroup;
			children = (
				D0CD3FCB1BDED42600E814BA /* AppDelegate.swift */,
				D0CD3FCD1BDED42600E814BA /* ViewController.swift */,
				D0CD3FCF1BDED42600E814BA /* Main.storyboard */,
				D0CD3FD21BDED42600E814BA /* Assets.xcassets */,
				D0CD3FD41BDED42600E814BA /* LaunchScreen.storyboard */,
				D0CD3FD71BDED42600E814BA /* Info.plist */,
			);
			path = stormy;
			sourceTree = "<group>";
		};
/* End PBXGroup section */

/* Begin PBXNativeTarget section */
		D0CD3FC71BDED42600E814BA /* stormy */ = {
			isa = PBXNativeTarget;
			buildConfigurationList = D0CD3FDA1BDED42600E814BA /* Build configuration list for PBXNativeTarget "stormy" */;
			buildPhases = (
				D0CD3FC41BDED42600E814BA /* Sources */,
				D0CD3FC51BDED42600E814BA /* Frameworks */,
				D0CD3FC61BDED42600E814BA /* Resources */,
			);
			buildRules = (
			);
			dependencies = (
			);
			name = stormy;
			productName = stormy;
			productReference = D0CD3FC81BDED42600E814BA /* stormy.app */;
			productType = "com.apple.product-type.application";
		};
/* End PBXNativeTarget section */

/* Begin PBXProject section */
		D0CD3FC01BDED42600E814BA /* Project object */ = {
			isa = PBXProject;
			attributes = {
				LastSwiftUpdateCheck = 0710;
				LastUpgradeCheck = 0710;
				ORGANIZATIONNAME = "Justin Ferre";
				TargetAttributes = {
					D0CD3FC71BDED42600E814BA = {
						CreatedOnToolsVersion = 7.1;
						DevelopmentTeam = DW2D48JLN6;
					};
				};
			};
			buildConfigurationList = D0CD3FC31BDED42600E814BA /* Build configuration list for PBXProject "stormy" */;
			compatibilityVersion = "Xcode 3.2";
			developmentRegion = English;
			hasScannedForEncodings = 0;
			knownRegions = (
				en,
				Base,
			);
			mainGroup = D0CD3FBF1BDED42600E814BA;
			productRefGroup = D0CD3FC91BDED42600E814BA /* Products */;
			projectDirPath = "";
			projectRoot = "";
			targets = (
				D0CD3FC71BDED42600E814BA /* stormy */,
			);
		};
/* End PBXProject section */

/* Begin PBXResourcesBuildPhase section */
		D0CD3FC61BDED42600E814BA /* Resources */ = {
			isa = PBXResourcesBuildPhase;
			buildActionMask = 2147483647;
			files = (
				D0CD3FD61BDED42600E814BA /* LaunchScreen.storyboard in Resources */,
				D0CD3FD31BDED42600E814BA /* Assets.xcassets in Resources */,
				D0CD3FD11BDED42600E814BA /* Main.storyboard in Resources */,
			);
			runOnlyForDeploymentPostprocessing = 0;
		};
/* End PBXResourcesBuildPhase section */

/* Begin PBXSourcesBuildPhase section */
		D0CD3FC41BDED42600E814BA /* Sources */ = {
			isa = PBXSourcesBuildPhase;
			buildActionMask = 2147483647;
			files = (
				D0CD3FCE1BDED42600E814BA /* ViewController.swift in Sources */,
				D0CD3FCC1BDED42600E814BA /* AppDelegate.swift in Sources */,
			);
			runOnlyForDeploymentPostprocessing = 0;
		};
/* End PBXSourcesBuildPhase section */

/* Begin PBXVariantGroup section */
		D0CD3FCF1BDED42600E814BA /* Main.storyboard */ = {
			isa = PBXVariantGroup;
			children = (
				D0CD3FD01BDED42600E814BA /* Base */,
			);
			name = Main.storyboard;
			sourceTree = "<group>";
		};
		D0CD3FD41BDED42600E814BA /* LaunchScreen.storyboard */ = {
			isa = PBXVariantGroup;
			children = (
				D0CD3FD51BDED42600E814BA /* Base */,
			);
			name = LaunchScreen.storyboard;
			sourceTree = "<group>";
		};
/* End PBXVariantGroup section */

/* Begin XCBuildConfiguration section */
		D0CD3FD81BDED42600E814BA /* Debug */ = {
			isa = XCBuildConfiguration;
			buildSettings = {
				ALWAYS_SEARCH_USER_PATHS = NO;
				CLANG_CXX_LANGUAGE_STANDARD = "gnu++0x";
				CLANG_CXX_LIBRARY = "libc++";
				CLANG_ENABLE_MODULES = YES;
				CLANG_ENABLE_OBJC_ARC = YES;
				CLANG_WARN_BOOL_CONVERSION = YES;
				CLANG_WARN_CONSTANT_CONVERSION = YES;
				CLANG_WARN_DIRECT_OBJC_ISA_USAGE = YES_ERROR;
				CLANG_WARN_EMPTY_BODY = YES;
				CLANG_WARN_ENUM_CONVERSION = YES;
				CLANG_WARN_INT_CONVERSION = YES;
				CLANG_WARN_OBJC_ROOT_CLASS = YES_ERROR;
				CLANG_WARN_UNREACHABLE_CODE = YES;
				CLANG_WARN__DUPLICATE_METHOD_MATCH = YES;
				"CODE_SIGN_IDENTITY[sdk=iphoneos*]" = "iPhone Developer";
				COPY_PHASE_STRIP = NO;
				DEBUG_INFORMATION_FORMAT = dwarf;
				ENABLE_STRICT_OBJC_MSGSEND = YES;
				ENABLE_TESTABILITY = YES;
				GCC_C_LANGUAGE_STANDARD = gnu99;
				GCC_DYNAMIC_NO_PIC = NO;
				GCC_NO_COMMON_BLOCKS = YES;
				GCC_OPTIMIZATION_LEVEL = 0;
				GCC_PREPROCESSOR_DEFINITIONS = (
					"DEBUG=1",
					"$(inherited)",
				);
				GCC_WARN_64_TO_32_BIT_CONVERSION = YES;
				GCC_WARN_ABOUT_RETURN_TYPE = YES_ERROR;
				GCC_WARN_UNDECLARED_SELECTOR = YES;
				GCC_WARN_UNINITIALIZED_AUTOS = YES_AGGRESSIVE;
				GCC_WARN_UNUSED_FUNCTION = YES;
				GCC_WARN_UNUSED_VARIABLE = YES;
				IPHONEOS_DEPLOYMENT_TARGET = 9.1;
				MTL_ENABLE_DEBUG_INFO = YES;
				ONLY_ACTIVE_ARCH = YES;
				SDKROOT = iphoneos;
				SWIFT_OPTIMIZATION_LEVEL = "-Onone";
			};
			name = Debug;
		};
		D0CD3FD91BDED42600E814BA /* Release */ = {
			isa = XCBuildConfiguration;
			buildSettings = {
				ALWAYS_SEARCH_USER_PATHS = NO;
				CLANG_CXX_LANGUAGE_STANDARD = "gnu++0x";
				CLANG_CXX_LIBRARY = "libc++";
				CLANG_ENABLE_MODULES = YES;
				CLANG_ENABLE_OBJC_ARC = YES;
				CLANG_WARN_BOOL_CONVERSION = YES;
				CLANG_WARN_CONSTANT_CONVERSION = YES;
				CLANG_WARN_DIRECT_OBJC_ISA_USAGE = YES_ERROR;
				CLANG_WARN_EMPTY_BODY = YES;
				CLANG_WARN_ENUM_CONVERSION = YES;
				CLANG_WARN_INT_CONVERSION = YES;
				CLANG_WARN_OBJC_ROOT_CLASS = YES_ERROR;
				CLANG_WARN_UNREACHABLE_CODE = YES;
				CLANG_WARN__DUPLICATE_METHOD_MATCH = YES;
				"CODE_SIGN_IDENTITY[sdk=iphoneos*]" = "iPhone Developer";
				COPY_PHASE_STRIP = NO;
				DEBUG_INFORMATION_FORMAT = "dwarf-with-dsym";
				ENABLE_NS_ASSERTIONS = NO;
				ENABLE_STRICT_OBJC_MSGSEND = YES;
				GCC_C_LANGUAGE_STANDARD = gnu99;
				GCC_NO_COMMON_BLOCKS = YES;
				GCC_WARN_64_TO_32_BIT_CONVERSION = YES;
				GCC_WARN_ABOUT_RETURN_TYPE = YES_ERROR;
				GCC_WARN_UNDECLARED_SELECTOR = YES;
				GCC_WARN_UNINITIALIZED_AUTOS = YES_AGGRESSIVE;
				GCC_WARN_UNUSED_FUNCTION = YES;
				GCC_WARN_UNUSED_VARIABLE = YES;
				IPHONEOS_DEPLOYMENT_TARGET = 9.1;
				MTL_ENABLE_DEBUG_INFO = NO;
				SDKROOT = iphoneos;
				VALIDATE_PRODUCT = YES;
			};
			name = Release;
		};
		D0CD3FDB1BDED42600E814BA /* Debug */ = {
			isa = XCBuildConfiguration;
			buildSettings = {
				ASSETCATALOG_COMPILER_APPICON_NAME = AppIcon;
				INFOPLIST_FILE = stormy/Info.plist;
				LD_RUNPATH_SEARCH_PATHS = "$(inherited) @executable_path/Frameworks";
				PRODUCT_BUNDLE_IDENTIFIER = justinferre.stormy;
				PRODUCT_NAME = "$(TARGET_NAME)";
			};
			name = Debug;
		};
		D0CD3FDC1BDED42600E814BA /* Release */ = {
			isa = XCBuildConfiguration;
			buildSettings = {
				ASSETCATALOG_COMPILER_APPICON_NAME = AppIcon;
				INFOPLIST_FILE = stormy/Info.plist;
				LD_RUNPATH_SEARCH_PATHS = "$(inherited) @executable_path/Frameworks";
				PRODUCT_BUNDLE_IDENTIFIER = justinferre.stormy;
				PRODUCT_NAME = "$(TARGET_NAME)";
			};
			name = Release;
		};
/* End XCBuildConfiguration section */

/* Begin XCConfigurationList section */
		D0CD3FC31BDED42600E814BA /* Build configuration list for PBXProject "stormy" */ = {
			isa = XCConfigurationList;
			buildConfigurations = (
				D0CD3FD81BDED42600E814BA /* Debug */,
				D0CD3FD91BDED42600E814BA /* Release */,
			);
			defaultConfigurationIsVisible = 0;
			defaultConfigurationName = Release;
		};
		D0CD3FDA1BDED42600E814BA /* Build configuration list for PBXNativeTarget "stormy" */ = {
			isa = XCConfigurationList;
			buildConfigurations = (
				D0CD3FDB1BDED42600E814BA /* Debug */,
				D0CD3FDC1BDED42600E814BA /* Release */,
			);
			defaultConfigurationIsVisible = 0;
		};
/* End XCConfigurationList section */
	};
	rootObject = D0CD3FC01BDED42600E814BA /* Project object */;
}
